
Microsoft Visual Studio Solution File, Format Version 12.00
# Visual Studio Version 17
VisualStudioVersion = 17.0.31903.59
MinimumVisualStudioVersion = 10.0.40219.1
Project("{FAE04EC0-301F-11D3-BF4B-00C04F79EFBC}") = "CubeNexus.Domain", "CubeNexus.Domain\CubeNexus.Domain.csproj", "{ACEEE19D-43EF-4DA9-B4E4-6F5E52121665}"
EndProject
Project("{FAE04EC0-301F-11D3-BF4B-00C04F79EFBC}") = "CubeNexus.Application", "CubeNexus.Application\CubeNexus.Application.csproj", "{664185D9-0A2B-44E6-9605-29D29BA3A301}"
EndProject
Project("{FAE04EC0-301F-11D3-BF4B-00C04F79EFBC}") = "CubeNexus.Infrastructure", "CubeNexus.Infrastructure\CubeNexus.Infrastructure.csproj", "{68821666-2DBC-4CCF-9F53-9D1083A15EE5}"
EndProject
Project("{FAE04EC0-301F-11D3-BF4B-00C04F79EFBC}") = "CubeNexus.API", "CubeNexus.API\CubeNexus.API.csproj", "{96A13258-7681-4418-BF0F-9966355D73E5}"
EndProject
Global
	GlobalSection(SolutionConfigurationPlatforms) = preSolution
		Debug|Any CPU = Debug|Any CPU
		Debug|x64 = Debug|x64
		Debug|x86 = Debug|x86
		Release|Any CPU = Release|Any CPU
		Release|x64 = Release|x64
		Release|x86 = Release|x86
	EndGlobalSection
	GlobalSection(ProjectConfigurationPlatforms) = postSolution
		{ACEEE19D-43EF-4DA9-B4E4-6F5E52121665}.Debug|Any CPU.ActiveCfg = Debug|Any CPU
		{ACEEE19D-43EF-4DA9-B4E4-6F5E52121665}.Debug|Any CPU.Build.0 = Debug|Any CPU
		{ACEEE19D-43EF-4DA9-B4E4-6F5E52121665}.Debug|x64.ActiveCfg = Debug|Any CPU
		{ACEEE19D-43EF-4DA9-B4E4-6F5E52121665}.Debug|x64.Build.0 = Debug|Any CPU
		{ACEEE19D-43EF-4DA9-B4E4-6F5E52121665}.Debug|x86.ActiveCfg = Debug|Any CPU
		{ACEEE19D-43EF-4DA9-B4E4-6F5E52121665}.Debug|x86.Build.0 = Debug|Any CPU
		{ACEEE19D-43EF-4DA9-B4E4-6F5E52121665}.Release|Any CPU.ActiveCfg = Release|Any CPU
		{ACEEE19D-43EF-4DA9-B4E4-6F5E52121665}.Release|Any CPU.Build.0 = Release|Any CPU
		{ACEEE19D-43EF-4DA9-B4E4-6F5E52121665}.Release|x64.ActiveCfg = Release|Any CPU
		{ACEEE19D-43EF-4DA9-B4E4-6F5E52121665}.Release|x64.Build.0 = Release|Any CPU
		{ACEEE19D-43EF-4DA9-B4E4-6F5E52121665}.Release|x86.ActiveCfg = Release|Any CPU
		{ACEEE19D-43EF-4DA9-B4E4-6F5E52121665}.Release|x86.Build.0 = Release|Any CPU
		{664185D9-0A2B-44E6-9605-29D29BA3A301}.Debug|Any CPU.ActiveCfg = Debug|Any CPU
		{664185D9-0A2B-44E6-9605-29D29BA3A301}.Debug|Any CPU.Build.0 = Debug|Any CPU
		{664185D9-0A2B-44E6-9605-29D29BA3A301}.Debug|x64.ActiveCfg = Debug|Any CPU
		{664185D9-0A2B-44E6-9605-29D29BA3A301}.Debug|x64.Build.0 = Debug|Any CPU
		{664185D9-0A2B-44E6-9605-29D29BA3A301}.Debug|x86.ActiveCfg = Debug|Any CPU
		{664185D9-0A2B-44E6-9605-29D29BA3A301}.Debug|x86.Build.0 = Debug|Any CPU
		{664185D9-0A2B-44E6-9605-29D29BA3A301}.Release|Any CPU.ActiveCfg = Release|Any CPU
		{664185D9-0A2B-44E6-9605-29D29BA3A301}.Release|Any CPU.Build.0 = Release|Any CPU
		{664185D9-0A2B-44E6-9605-29D29BA3A301}.Release|x64.ActiveCfg = Release|Any CPU
		{664185D9-0A2B-44E6-9605-29D29BA3A301}.Release|x64.Build.0 = Release|Any CPU
		{664185D9-0A2B-44E6-9605-29D29BA3A301}.Release|x86.ActiveCfg = Release|Any CPU
		{664185D9-0A2B-44E6-9605-29D29BA3A301}.Release|x86.Build.0 = Release|Any CPU
		{68821666-2DBC-4CCF-9F53-9D1083A15EE5}.Debug|Any CPU.ActiveCfg = Debug|Any CPU
		{68821666-2DBC-4CCF-9F53-9D1083A15EE5}.Debug|Any CPU.Build.0 = Debug|Any CPU
		{68821666-2DBC-4CCF-9F53-9D1083A15EE5}.Debug|x64.ActiveCfg = Debug|Any CPU
		{68821666-2DBC-4CCF-9F53-9D1083A15EE5}.Debug|x64.Build.0 = Debug|Any CPU
		{68821666-2DBC-4CCF-9F53-9D1083A15EE5}.Debug|x86.ActiveCfg = Debug|Any CPU
		{68821666-2DBC-4CCF-9F53-9D1083A15EE5}.Debug|x86.Build.0 = Debug|Any CPU
		{68821666-2DBC-4CCF-9F53-9D1083A15EE5}.Release|Any CPU.ActiveCfg = Release|Any CPU
		{68821666-2DBC-4CCF-9F53-9D1083A15EE5}.Release|Any CPU.Build.0 = Release|Any CPU
		{68821666-2DBC-4CCF-9F53-9D1083A15EE5}.Release|x64.ActiveCfg = Release|Any CPU
		{68821666-2DBC-4CCF-9F53-9D1083A15EE5}.Release|x64.Build.0 = Release|Any CPU
		{68821666-2DBC-4CCF-9F53-9D1083A15EE5}.Release|x86.ActiveCfg = Release|Any CPU
		{68821666-2DBC-4CCF-9F53-9D1083A15EE5}.Release|x86.Build.0 = Release|Any CPU
		{96A13258-7681-4418-BF0F-9966355D73E5}.Debug|Any CPU.ActiveCfg = Debug|Any CPU
		{96A13258-7681-4418-BF0F-9966355D73E5}.Debug|Any CPU.Build.0 = Debug|Any CPU
		{96A13258-7681-4418-BF0F-9966355D73E5}.Debug|x64.ActiveCfg = Debug|Any CPU
		{96A13258-7681-4418-BF0F-9966355D73E5}.Debug|x64.Build.0 = Debug|Any CPU
		{96A13258-7681-4418-BF0F-9966355D73E5}.Debug|x86.ActiveCfg = Debug|Any CPU
		{96A13258-7681-4418-BF0F-9966355D73E5}.Debug|x86.Build.0 = Debug|Any CPU
		{96A13258-7681-4418-BF0F-9966355D73E5}.Release|Any CPU.ActiveCfg = Release|Any CPU
		{96A13258-7681-4418-BF0F-9966355D73E5}.Release|Any CPU.Build.0 = Release|Any CPU
		{96A13258-7681-4418-BF0F-9966355D73E5}.Release|x64.ActiveCfg = Release|Any CPU
		{96A13258-7681-4418-BF0F-9966355D73E5}.Release|x64.Build.0 = Release|Any CPU
		{96A13258-7681-4418-BF0F-9966355D73E5}.Release|x86.ActiveCfg = Release|Any CPU
		{96A13258-7681-4418-BF0F-9966355D73E5}.Release|x86.Build.0 = Release|Any CPU
	EndGlobalSection
	GlobalSection(SolutionProperties) = preSolution
		HideSolutionNode = FALSE
	EndGlobalSection
EndGlobal
